
Microsoft Visual Studio Solution File, Format Version 12.00
# Visual Studio Version 17
VisualStudioVersion = 17.5.33516.290
MinimumVisualStudioVersion = 10.0.40219.1
Project("{FAE04EC0-301F-11D3-BF4B-00C04F79EFBC}") = "TurboGlide", "TurboGlide.csproj", "{D5A5A508-665D-4EA3-B537-6ACB3CCE9CAD}"
EndProject
Global
	GlobalSection(SolutionConfigurationPlatforms) = preSolution
		Debug|Any CPU = Debug|Any CPU
		Release|Any CPU = Release|Any CPU
	EndGlobalSection
	GlobalSection(ProjectConfigurationPlatforms) = postSolution
		{D5A5A508-665D-4EA3-B537-6ACB3CCE9CAD}.Debug|Any CPU.ActiveCfg = Debug|Any CPU
		{D5A5A508-665D-4EA3-B537-6ACB3CCE9CAD}.Debug|Any CPU.Build.0 = Debug|Any CPU
		{D5A5A508-665D-4EA3-B537-6ACB3CCE9CAD}.Release|Any CPU.ActiveCfg = Release|Any CPU
		{D5A5A508-665D-4EA3-B537-6ACB3CCE9CAD}.Release|Any CPU.Build.0 = Release|Any CPU
	EndGlobalSection
	GlobalSection(SolutionProperties) = preSolution
		HideSolutionNode = FALSE
	EndGlobalSection
	GlobalSection(ExtensibilityGlobals) = postSolution
		SolutionGuid = {EB0AB743-6615-4461-8CDC-4C131FE543D5}
	EndGlobalSection
EndGlobal
